
Microsoft Visual Studio Solution File, Format Version 12.00
# Visual Studio 15
VisualStudioVersion = 15.0.28307.539
MinimumVisualStudioVersion = 10.0.40219.1
Project("{FAE04EC0-301F-11D3-BF4B-00C04F79EFBC}") = "ToerreTumblr", "ToerreTumblr\ToerreTumblr.csproj", "{DB6C42DA-2CF1-4CD1-B9A0-D8A5ABA9ABB2}"
EndProject
Global
	GlobalSection(SolutionConfigurationPlatforms) = preSolution
		Debug|Any CPU = Debug|Any CPU
		Release|Any CPU = Release|Any CPU
	EndGlobalSection
	GlobalSection(ProjectConfigurationPlatforms) = postSolution
		{DB6C42DA-2CF1-4CD1-B9A0-D8A5ABA9ABB2}.Debug|Any CPU.ActiveCfg = Debug|Any CPU
		{DB6C42DA-2CF1-4CD1-B9A0-D8A5ABA9ABB2}.Debug|Any CPU.Build.0 = Debug|Any CPU
		{DB6C42DA-2CF1-4CD1-B9A0-D8A5ABA9ABB2}.Release|Any CPU.ActiveCfg = Release|Any CPU
		{DB6C42DA-2CF1-4CD1-B9A0-D8A5ABA9ABB2}.Release|Any CPU.Build.0 = Release|Any CPU
	EndGlobalSection
	GlobalSection(SolutionProperties) = preSolution
		HideSolutionNode = FALSE
	EndGlobalSection
	GlobalSection(ExtensibilityGlobals) = postSolution
		SolutionGuid = {19C7BBBF-2106-42E8-A383-F48EA7DA3A84}
	EndGlobalSection
EndGlobal
